
Microsoft Visual Studio Solution File, Format Version 12.00
# Visual Studio Version 16
VisualStudioVersion = 16.0.31112.23
MinimumVisualStudioVersion = 10.0.40219.1
Project("{FAE04EC0-301F-11D3-BF4B-00C04F79EFBC}") = "WatchPortalFunction", "WatchPortalFunction\WatchPortalFunction.csproj", "{44E466DC-E4F0-4E8C-8F3C-5A172E2A0043}"
EndProject
Project("{FAE04EC0-301F-11D3-BF4B-00C04F79EFBC}") = "WatchFunctionsTests", "WatchFunctionsTests\WatchFunctionsTests.csproj", "{94EBA3AE-7C04-49B6-9589-727D7AC35E84}"
EndProject
Global
	GlobalSection(SolutionConfigurationPlatforms) = preSolution
		Debug|Any CPU = Debug|Any CPU
		Release|Any CPU = Release|Any CPU
	EndGlobalSection
	GlobalSection(ProjectConfigurationPlatforms) = postSolution
		{44E466DC-E4F0-4E8C-8F3C-5A172E2A0043}.Debug|Any CPU.ActiveCfg = Debug|Any CPU
		{44E466DC-E4F0-4E8C-8F3C-5A172E2A0043}.Debug|Any CPU.Build.0 = Debug|Any CPU
		{44E466DC-E4F0-4E8C-8F3C-5A172E2A0043}.Release|Any CPU.ActiveCfg = Release|Any CPU
		{44E466DC-E4F0-4E8C-8F3C-5A172E2A0043}.Release|Any CPU.Build.0 = Release|Any CPU
		{94EBA3AE-7C04-49B6-9589-727D7AC35E84}.Debug|Any CPU.ActiveCfg = Debug|Any CPU
		{94EBA3AE-7C04-49B6-9589-727D7AC35E84}.Debug|Any CPU.Build.0 = Debug|Any CPU
		{94EBA3AE-7C04-49B6-9589-727D7AC35E84}.Release|Any CPU.ActiveCfg = Release|Any CPU
		{94EBA3AE-7C04-49B6-9589-727D7AC35E84}.Release|Any CPU.Build.0 = Release|Any CPU
	EndGlobalSection
	GlobalSection(SolutionProperties) = preSolution
		HideSolutionNode = FALSE
	EndGlobalSection
	GlobalSection(ExtensibilityGlobals) = postSolution
		SolutionGuid = {1779ADE5-EDC0-43A9-9C68-8EEC402CC51C}
	EndGlobalSection
EndGlobal
